{
  "nodes": {
    "crane": {
      "locked": {
        "lastModified": 1766194365,
        "narHash": "sha256-4AFsUZ0kl6MXSm4BaQgItD0VGlEKR3iq7gIaL7TjBvc=",
        "owner": "ipetkov",
        "repo": "crane",
        "rev": "7d8ec2c71771937ab99790b45e6d9b93d15d9379",
        "type": "github"
      },
      "original": {
        "owner": "ipetkov",
        "repo": "crane",
        "type": "github"
      }
    },
    "flake-parts": {
      "inputs": {
        "nixpkgs-lib": [
          "nixpkgs"
        ]
      },
      "locked": {
        "lastModified": 1765835352,
        "narHash": "sha256-XswHlK/Qtjasvhd1nOa1e8MgZ8GS//jBoTqWtrS1Giw=",
        "owner": "hercules-ci",
        "repo": "flake-parts",
        "rev": "a34fae9c08a15ad73f295041fec82323541400a9",
        "type": "github"
      },
      "original": {
        "owner": "hercules-ci",
        "repo": "flake-parts",
        "type": "github"
      }
    },
    "git-hooks": {
      "flake": false,
      "locked": {
        "lastModified": 1765911976,
        "narHash": "sha256-t3T/xm8zstHRLx+pIHxVpQTiySbKqcQbK+r+01XVKc0=",
        "owner": "cachix",
        "repo": "git-hooks.nix",
        "rev": "b68b780b69702a090c8bb1b973bab13756cc7a27",
        "type": "github"
      },
      "original": {
        "owner": "cachix",
        "repo": "git-hooks.nix",
        "type": "github"
      }
    },
    "nixpkgs": {
      "locked": {
        "lastModified": 1766314097,
        "narHash": "sha256-laJftWbghBehazn/zxVJ8NdENVgjccsWAdAqKXhErrM=",
        "owner": "nixos",
        "repo": "nixpkgs",
        "rev": "306ea70f9eb0fb4e040f8540e2deab32ed7e2055",
        "type": "github"
      },
      "original": {
        "owner": "nixos",
        "ref": "nixpkgs-unstable",
        "repo": "nixpkgs",
        "type": "github"
      }
    },
    "process-compose-flake": {
      "locked": {
        "lastModified": 1764915241,
        "narHash": "sha256-vTqn6IAkZhuuctvkxjhzI1EEybyzwaNd7HJvhF662O8=",
        "owner": "Platonic-Systems",
        "repo": "process-compose-flake",
        "rev": "36678818ecbd0e06a60740a291c55b683fec79dd",
        "type": "github"
      },
      "original": {
        "owner": "Platonic-Systems",
        "repo": "process-compose-flake",
        "type": "github"
      }
    },
    "root": {
      "inputs": {
        "flake-parts": "flake-parts",
        "git-hooks": "git-hooks",
        "nixpkgs": "nixpkgs",
        "process-compose-flake": "process-compose-flake",
        "rust-flake": "rust-flake",
        "systems": "systems"
      }
    },
    "rust-flake": {
      "inputs": {
        "crane": "crane",
        "nixpkgs": [
          "nixpkgs"
        ],
        "rust-overlay": "rust-overlay"
      },
      "locked": {
        "lastModified": 1766349801,
        "narHash": "sha256-F+R9rK2yidlhzfKswMNq5NKg3t5S130TNF5Ipfhnb3g=",
        "owner": "juspay",
        "repo": "rust-flake",
        "rev": "4d7775c0270d9eb0d89813fe565069b858a0a9a1",
        "type": "github"
      },
      "original": {
        "owner": "juspay",
        "repo": "rust-flake",
        "type": "github"
      }
    },
    "rust-overlay": {
      "inputs": {
        "nixpkgs": [
          "rust-flake",
          "nixpkgs"
        ]
      },
      "locked": {
        "lastModified": 1766198367,
        "narHash": "sha256-f1L1rCEu2Zew6zdiZ38jJDZd65ktE7UN+Gqn2LHPiFI=",
        "owner": "oxalica",
        "repo": "rust-overlay",
        "rev": "66bb33fdfb50b1ee724381c3f5d6012dac6c89b3",
        "type": "github"
      },
      "original": {
        "owner": "oxalica",
        "repo": "rust-overlay",
        "type": "github"
      }
    },
    "systems": {
      "locked": {
        "lastModified": 1681028828,
        "narHash": "sha256-Vy1rq5AaRuLzOxct8nz4T6wlgyUR7zLU309k9mBC768=",
        "owner": "nix-systems",
        "repo": "default",
        "rev": "da67096a3b9bf56a91d16901293e51ba5b49a27e",
        "type": "github"
      },
      "original": {
        "owner": "nix-systems",
        "repo": "default",
        "type": "github"
      }
    }
  },
  "root": "root",
  "version": 7
}
